
Microsoft Visual Studio Solution File, Format Version 12.00
# Visual Studio 15
VisualStudioVersion = 15.0.28307.572
MinimumVisualStudioVersion = 10.0.40219.1
Project("{FAE04EC0-301F-11D3-BF4B-00C04F79EFBC}") = "D.Data", "D.Data\D.Data.csproj", "{02537000-6575-470E-957A-0CBA33B7332E}"
EndProject
Project("{FAE04EC0-301F-11D3-BF4B-00C04F79EFBC}") = "D.Test", "D.Test\D.Test.csproj", "{3A8D9CD2-C187-4FD1-BD24-B7E12BB03F02}"
EndProject
Project("{FAE04EC0-301F-11D3-BF4B-00C04F79EFBC}") = "D.Extend", "D.Extend\D.Extend.csproj", "{22A4F79B-A872-4770-AE92-376565E9E387}"
EndProject
Project("{FAE04EC0-301F-11D3-BF4B-00C04F79EFBC}") = "D.Web", "D.Web\D.Web.csproj", "{4216111F-EB79-445B-AB79-D518231BCCC0}"
EndProject
Project("{2150E333-8FDC-42A3-9474-1A3956D46DE8}") = "D", "D", "{0EE51CA6-A392-4763-9F05-A2A0E23FD567}"
EndProject
Project("{2150E333-8FDC-42A3-9474-1A3956D46DE8}") = "Z", "Z", "{3C0955FE-EFC2-4CBF-A2E9-5CFBFFE103A7}"
EndProject
Project("{9A19103F-16F7-4668-BE54-9A1E7A4F7556}") = "Z.DesignPatterns", "Z.DesignPatterns\Z.DesignPatterns.csproj", "{F1F6CC68-4A6B-4C2F-8416-307569DDF5BB}"
EndProject
Project("{2150E333-8FDC-42A3-9474-1A3956D46DE8}") = "D.Core", "D.Core", "{51F2BE4D-7EC0-4A31-93B5-541DB5FAD4ED}"
EndProject
Project("{9A19103F-16F7-4668-BE54-9A1E7A4F7556}") = "D.Web.Core", "D.Web.Core\D.Web.Core.csproj", "{F8BA2CF4-D6B3-4F3F-A748-714D36EFF68B}"
EndProject
Project("{9A19103F-16F7-4668-BE54-9A1E7A4F7556}") = "D.API.Core", "D.API.Core\D.API.Core.csproj", "{DA2BA150-4726-445B-878E-DA67C036F334}"
EndProject
Project("{FAE04EC0-301F-11D3-BF4B-00C04F79EFBC}") = "Z.Tackle", "Z.Tackle\Z.Tackle.csproj", "{65B420CD-CF71-4070-880C-8DADECF40B64}"
EndProject
Project("{9A19103F-16F7-4668-BE54-9A1E7A4F7556}") = "D.Data.Core", "D.Data.Core\D.Data.Core.csproj", "{604B1EA2-680C-4DC9-AE79-2DAFEF09ABE1}"
EndProject
Project("{9A19103F-16F7-4668-BE54-9A1E7A4F7556}") = "D.Extend.Core", "D.Extend.Core\D.Extend.Core.csproj", "{86C229A7-547D-4EDE-ACFB-468704C76A30}"
EndProject
Project("{FAE04EC0-301F-11D3-BF4B-00C04F79EFBC}") = "D.Service.Core", "D.Service.Core\D.Service.Core.csproj", "{ACEA8E6D-5499-42B5-A291-F1D37F24E108}"
EndProject
Global
	GlobalSection(SolutionConfigurationPlatforms) = preSolution
		Debug|Any CPU = Debug|Any CPU
		Release|Any CPU = Release|Any CPU
	EndGlobalSection
	GlobalSection(ProjectConfigurationPlatforms) = postSolution
		{02537000-6575-470E-957A-0CBA33B7332E}.Debug|Any CPU.ActiveCfg = Debug|Any CPU
		{02537000-6575-470E-957A-0CBA33B7332E}.Debug|Any CPU.Build.0 = Debug|Any CPU
		{02537000-6575-470E-957A-0CBA33B7332E}.Release|Any CPU.ActiveCfg = Release|Any CPU
		{02537000-6575-470E-957A-0CBA33B7332E}.Release|Any CPU.Build.0 = Release|Any CPU
		{3A8D9CD2-C187-4FD1-BD24-B7E12BB03F02}.Debug|Any CPU.ActiveCfg = Debug|Any CPU
		{3A8D9CD2-C187-4FD1-BD24-B7E12BB03F02}.Debug|Any CPU.Build.0 = Debug|Any CPU
		{3A8D9CD2-C187-4FD1-BD24-B7E12BB03F02}.Release|Any CPU.ActiveCfg = Release|Any CPU
		{3A8D9CD2-C187-4FD1-BD24-B7E12BB03F02}.Release|Any CPU.Build.0 = Release|Any CPU
		{22A4F79B-A872-4770-AE92-376565E9E387}.Debug|Any CPU.ActiveCfg = Debug|Any CPU
		{22A4F79B-A872-4770-AE92-376565E9E387}.Debug|Any CPU.Build.0 = Debug|Any CPU
		{22A4F79B-A872-4770-AE92-376565E9E387}.Release|Any CPU.ActiveCfg = Release|Any CPU
		{22A4F79B-A872-4770-AE92-376565E9E387}.Release|Any CPU.Build.0 = Release|Any CPU
		{4216111F-EB79-445B-AB79-D518231BCCC0}.Debug|Any CPU.ActiveCfg = Debug|Any CPU
		{4216111F-EB79-445B-AB79-D518231BCCC0}.Debug|Any CPU.Build.0 = Debug|Any CPU
		{4216111F-EB79-445B-AB79-D518231BCCC0}.Release|Any CPU.ActiveCfg = Release|Any CPU
		{4216111F-EB79-445B-AB79-D518231BCCC0}.Release|Any CPU.Build.0 = Release|Any CPU
		{F1F6CC68-4A6B-4C2F-8416-307569DDF5BB}.Debug|Any CPU.ActiveCfg = Debug|Any CPU
		{F1F6CC68-4A6B-4C2F-8416-307569DDF5BB}.Debug|Any CPU.Build.0 = Debug|Any CPU
		{F1F6CC68-4A6B-4C2F-8416-307569DDF5BB}.Release|Any CPU.ActiveCfg = Release|Any CPU
		{F1F6CC68-4A6B-4C2F-8416-307569DDF5BB}.Release|Any CPU.Build.0 = Release|Any CPU
		{F8BA2CF4-D6B3-4F3F-A748-714D36EFF68B}.Debug|Any CPU.ActiveCfg = Debug|Any CPU
		{F8BA2CF4-D6B3-4F3F-A748-714D36EFF68B}.Debug|Any CPU.Build.0 = Debug|Any CPU
		{F8BA2CF4-D6B3-4F3F-A748-714D36EFF68B}.Release|Any CPU.ActiveCfg = Release|Any CPU
		{F8BA2CF4-D6B3-4F3F-A748-714D36EFF68B}.Release|Any CPU.Build.0 = Release|Any CPU
		{DA2BA150-4726-445B-878E-DA67C036F334}.Debug|Any CPU.ActiveCfg = Debug|Any CPU
		{DA2BA150-4726-445B-878E-DA67C036F334}.Debug|Any CPU.Build.0 = Debug|Any CPU
		{DA2BA150-4726-445B-878E-DA67C036F334}.Release|Any CPU.ActiveCfg = Release|Any CPU
		{DA2BA150-4726-445B-878E-DA67C036F334}.Release|Any CPU.Build.0 = Release|Any CPU
		{65B420CD-CF71-4070-880C-8DADECF40B64}.Debug|Any CPU.ActiveCfg = Debug|Any CPU
		{65B420CD-CF71-4070-880C-8DADECF40B64}.Debug|Any CPU.Build.0 = Debug|Any CPU
		{65B420CD-CF71-4070-880C-8DADECF40B64}.Release|Any CPU.ActiveCfg = Release|Any CPU
		{65B420CD-CF71-4070-880C-8DADECF40B64}.Release|Any CPU.Build.0 = Release|Any CPU
		{604B1EA2-680C-4DC9-AE79-2DAFEF09ABE1}.Debug|Any CPU.ActiveCfg = Debug|Any CPU
		{604B1EA2-680C-4DC9-AE79-2DAFEF09ABE1}.Debug|Any CPU.Build.0 = Debug|Any CPU
		{604B1EA2-680C-4DC9-AE79-2DAFEF09ABE1}.Release|Any CPU.ActiveCfg = Release|Any CPU
		{604B1EA2-680C-4DC9-AE79-2DAFEF09ABE1}.Release|Any CPU.Build.0 = Release|Any CPU
		{86C229A7-547D-4EDE-ACFB-468704C76A30}.Debug|Any CPU.ActiveCfg = Debug|Any CPU
		{86C229A7-547D-4EDE-ACFB-468704C76A30}.Debug|Any CPU.Build.0 = Debug|Any CPU
		{86C229A7-547D-4EDE-ACFB-468704C76A30}.Release|Any CPU.ActiveCfg = Release|Any CPU
		{86C229A7-547D-4EDE-ACFB-468704C76A30}.Release|Any CPU.Build.0 = Release|Any CPU
		{ACEA8E6D-5499-42B5-A291-F1D37F24E108}.Debug|Any CPU.ActiveCfg = Debug|Any CPU
		{ACEA8E6D-5499-42B5-A291-F1D37F24E108}.Debug|Any CPU.Build.0 = Debug|Any CPU
		{ACEA8E6D-5499-42B5-A291-F1D37F24E108}.Release|Any CPU.ActiveCfg = Release|Any CPU
		{ACEA8E6D-5499-42B5-A291-F1D37F24E108}.Release|Any CPU.Build.0 = Release|Any CPU
	EndGlobalSection
	GlobalSection(SolutionProperties) = preSolution
		HideSolutionNode = FALSE
	EndGlobalSection
	GlobalSection(NestedProjects) = preSolution
		{02537000-6575-470E-957A-0CBA33B7332E} = {0EE51CA6-A392-4763-9F05-A2A0E23FD567}
		{3A8D9CD2-C187-4FD1-BD24-B7E12BB03F02} = {0EE51CA6-A392-4763-9F05-A2A0E23FD567}
		{22A4F79B-A872-4770-AE92-376565E9E387} = {0EE51CA6-A392-4763-9F05-A2A0E23FD567}
		{4216111F-EB79-445B-AB79-D518231BCCC0} = {0EE51CA6-A392-4763-9F05-A2A0E23FD567}
		{F1F6CC68-4A6B-4C2F-8416-307569DDF5BB} = {3C0955FE-EFC2-4CBF-A2E9-5CFBFFE103A7}
		{F8BA2CF4-D6B3-4F3F-A748-714D36EFF68B} = {51F2BE4D-7EC0-4A31-93B5-541DB5FAD4ED}
		{DA2BA150-4726-445B-878E-DA67C036F334} = {51F2BE4D-7EC0-4A31-93B5-541DB5FAD4ED}
		{65B420CD-CF71-4070-880C-8DADECF40B64} = {3C0955FE-EFC2-4CBF-A2E9-5CFBFFE103A7}
		{604B1EA2-680C-4DC9-AE79-2DAFEF09ABE1} = {51F2BE4D-7EC0-4A31-93B5-541DB5FAD4ED}
		{86C229A7-547D-4EDE-ACFB-468704C76A30} = {51F2BE4D-7EC0-4A31-93B5-541DB5FAD4ED}
		{ACEA8E6D-5499-42B5-A291-F1D37F24E108} = {51F2BE4D-7EC0-4A31-93B5-541DB5FAD4ED}
	EndGlobalSection
	GlobalSection(ExtensibilityGlobals) = postSolution
		SolutionGuid = {3FA90D25-A120-41C3-BC86-07383C2CC496}
	EndGlobalSection
EndGlobal
